// !$*UTF8*$!
{
	archiveVersion = 1;
	classes = {
	};
	objectVersion = 51;
	objects = {

/* Begin PBXBuildFile section */
		39202027256AF15D00034F35 /* NewPatientProfile.swift in Sources */ = {isa = PBXBuildFile; fileRef = 39202026256AF15C00034F35 /* NewPatientProfile.swift */; };
		3A9C028C25684FC70018F6B8 /* QuestionCell.swift in Sources */ = {isa = PBXBuildFile; fileRef = 3A9C028B25684FC70018F6B8 /* QuestionCell.swift */; };
		3AFAD2BB256F163400EAE5B3 /* GoogleService-Info.plist in Resources */ = {isa = PBXBuildFile; fileRef = 3AFAD2BA256F163400EAE5B3 /* GoogleService-Info.plist */; };
		633ED1992582E7D700BB0259 /* TestResultsViewController.swift in Sources */ = {isa = PBXBuildFile; fileRef = 633ED1982582E7D700BB0259 /* TestResultsViewController.swift */; };
		6362B656256AFD7300C425E6 /* TabBarViewController.swift in Sources */ = {isa = PBXBuildFile; fileRef = 6362B655256AFD7300C425E6 /* TabBarViewController.swift */; };
		6362B658256AFEE200C425E6 /* PatientInfoViewController.swift in Sources */ = {isa = PBXBuildFile; fileRef = 6362B657256AFEE200C425E6 /* PatientInfoViewController.swift */; };
		6362B65A256B03CD00C425E6 /* NewTestViewController.swift in Sources */ = {isa = PBXBuildFile; fileRef = 6362B659256B03CD00C425E6 /* NewTestViewController.swift */; };
		63992F3E256888CE00A2D893 /* PatientHistoryCell.swift in Sources */ = {isa = PBXBuildFile; fileRef = 63992F3D256888CE00A2D893 /* PatientHistoryCell.swift */; };
		63992F4025688A7E00A2D893 /* HistoryViewController.swift in Sources */ = {isa = PBXBuildFile; fileRef = 63992F3F25688A7E00A2D893 /* HistoryViewController.swift */; };
		63A5A113257452B2002E7E96 /* Test.swift in Sources */ = {isa = PBXBuildFile; fileRef = 63A5A112257452B2002E7E96 /* Test.swift */; };
		63A5A11525746299002E7E96 /* DetailTestViewController.swift in Sources */ = {isa = PBXBuildFile; fileRef = 63A5A11425746299002E7E96 /* DetailTestViewController.swift */; };
		63EC9B0925636B1E00D85C86 /* AppDelegate.swift in Sources */ = {isa = PBXBuildFile; fileRef = 63EC9B0825636B1E00D85C86 /* AppDelegate.swift */; };
		63EC9B0B25636B1E00D85C86 /* SceneDelegate.swift in Sources */ = {isa = PBXBuildFile; fileRef = 63EC9B0A25636B1E00D85C86 /* SceneDelegate.swift */; };
		63EC9B0D25636B1E00D85C86 /* ViewController.swift in Sources */ = {isa = PBXBuildFile; fileRef = 63EC9B0C25636B1E00D85C86 /* ViewController.swift */; };
		63EC9B1025636B1E00D85C86 /* Main.storyboard in Resources */ = {isa = PBXBuildFile; fileRef = 63EC9B0E25636B1E00D85C86 /* Main.storyboard */; };
		63EC9B1225636B2100D85C86 /* Assets.xcassets in Resources */ = {isa = PBXBuildFile; fileRef = 63EC9B1125636B2100D85C86 /* Assets.xcassets */; };
		63EC9B1525636B2100D85C86 /* LaunchScreen.storyboard in Resources */ = {isa = PBXBuildFile; fileRef = 63EC9B1325636B2100D85C86 /* LaunchScreen.storyboard */; };
		A93EC46616E61E4708E5D9FE /* Pods_cse438FinalProject.framework in Frameworks */ = {isa = PBXBuildFile; fileRef = 0F2FB6E162C1118CA246AB67 /* Pods_cse438FinalProject.framework */; };
/* End PBXBuildFile section */

/* Begin PBXFileReference section */
		0F2FB6E162C1118CA246AB67 /* Pods_cse438FinalProject.framework */ = {isa = PBXFileReference; explicitFileType = wrapper.framework; includeInIndex = 0; path = Pods_cse438FinalProject.framework; sourceTree = BUILT_PRODUCTS_DIR; };
		39202026256AF15C00034F35 /* NewPatientProfile.swift */ = {isa = PBXFileReference; lastKnownFileType = sourcecode.swift; path = NewPatientProfile.swift; sourceTree = "<group>"; };
		3A9C028B25684FC70018F6B8 /* QuestionCell.swift */ = {isa = PBXFileReference; lastKnownFileType = sourcecode.swift; path = QuestionCell.swift; sourceTree = "<group>"; };
		3AFAD2BA256F163400EAE5B3 /* GoogleService-Info.plist */ = {isa = PBXFileReference; fileEncoding = 4; lastKnownFileType = text.plist.xml; path = "GoogleService-Info.plist"; sourceTree = "<group>"; };
		5F25F45D771086F37846C959 /* Pods-cse438FinalProject.release.xcconfig */ = {isa = PBXFileReference; includeInIndex = 1; lastKnownFileType = text.xcconfig; name = "Pods-cse438FinalProject.release.xcconfig"; path = "Target Support Files/Pods-cse438FinalProject/Pods-cse438FinalProject.release.xcconfig"; sourceTree = "<group>"; };
		633ED1982582E7D700BB0259 /* TestResultsViewController.swift */ = {isa = PBXFileReference; lastKnownFileType = sourcecode.swift; path = TestResultsViewController.swift; sourceTree = "<group>"; };
		6362B655256AFD7300C425E6 /* TabBarViewController.swift */ = {isa = PBXFileReference; lastKnownFileType = sourcecode.swift; path = TabBarViewController.swift; sourceTree = "<group>"; };
		6362B657256AFEE200C425E6 /* PatientInfoViewController.swift */ = {isa = PBXFileReference; lastKnownFileType = sourcecode.swift; path = PatientInfoViewController.swift; sourceTree = "<group>"; };
		6362B659256B03CD00C425E6 /* NewTestViewController.swift */ = {isa = PBXFileReference; lastKnownFileType = sourcecode.swift; path = NewTestViewController.swift; sourceTree = "<group>"; };
		63992F3D256888CE00A2D893 /* PatientHistoryCell.swift */ = {isa = PBXFileReference; lastKnownFileType = sourcecode.swift; path = PatientHistoryCell.swift; sourceTree = "<group>"; };
		63992F3F25688A7E00A2D893 /* HistoryViewController.swift */ = {isa = PBXFileReference; lastKnownFileType = sourcecode.swift; path = HistoryViewController.swift; sourceTree = "<group>"; };
		63A5A112257452B2002E7E96 /* Test.swift */ = {isa = PBXFileReference; lastKnownFileType = sourcecode.swift; path = Test.swift; sourceTree = "<group>"; };
		63A5A11425746299002E7E96 /* DetailTestViewController.swift */ = {isa = PBXFileReference; lastKnownFileType = sourcecode.swift; path = DetailTestViewController.swift; sourceTree = "<group>"; };
		63EC9B0525636B1E00D85C86 /* cse438FinalProject.app */ = {isa = PBXFileReference; explicitFileType = wrapper.application; includeInIndex = 0; path = cse438FinalProject.app; sourceTree = BUILT_PRODUCTS_DIR; };
		63EC9B0825636B1E00D85C86 /* AppDelegate.swift */ = {isa = PBXFileReference; lastKnownFileType = sourcecode.swift; path = AppDelegate.swift; sourceTree = "<group>"; };
		63EC9B0A25636B1E00D85C86 /* SceneDelegate.swift */ = {isa = PBXFileReference; lastKnownFileType = sourcecode.swift; path = SceneDelegate.swift; sourceTree = "<group>"; };
		63EC9B0C25636B1E00D85C86 /* ViewController.swift */ = {isa = PBXFileReference; lastKnownFileType = sourcecode.swift; path = ViewController.swift; sourceTree = "<group>"; };
		63EC9B0F25636B1E00D85C86 /* Base */ = {isa = PBXFileReference; lastKnownFileType = file.storyboard; name = Base; path = Base.lproj/Main.storyboard; sourceTree = "<group>"; };
		63EC9B1125636B2100D85C86 /* Assets.xcassets */ = {isa = PBXFileReference; lastKnownFileType = folder.assetcatalog; path = Assets.xcassets; sourceTree = "<group>"; };
		63EC9B1425636B2100D85C86 /* Base */ = {isa = PBXFileReference; lastKnownFileType = file.storyboard; name = Base; path = Base.lproj/LaunchScreen.storyboard; sourceTree = "<group>"; };
		63EC9B1625636B2100D85C86 /* Info.plist */ = {isa = PBXFileReference; lastKnownFileType = text.plist.xml; path = Info.plist; sourceTree = "<group>"; };
		8B729A9E121A31055B342E34 /* Pods-cse438FinalProject.debug.xcconfig */ = {isa = PBXFileReference; includeInIndex = 1; lastKnownFileType = text.xcconfig; name = "Pods-cse438FinalProject.debug.xcconfig"; path = "Target Support Files/Pods-cse438FinalProject/Pods-cse438FinalProject.debug.xcconfig"; sourceTree = "<group>"; };
/* End PBXFileReference section */

/* Begin PBXFrameworksBuildPhase section */
		63EC9B0225636B1E00D85C86 /* Frameworks */ = {
			isa = PBXFrameworksBuildPhase;
			buildActionMask = 2147483647;
			files = (
				A93EC46616E61E4708E5D9FE /* Pods_cse438FinalProject.framework in Frameworks */,
			);
			runOnlyForDeploymentPostprocessing = 0;
		};
/* End PBXFrameworksBuildPhase section */

/* Begin PBXGroup section */
		63EC9AFC25636B1E00D85C86 = {
			isa = PBXGroup;
			children = (
				63EC9B0725636B1E00D85C86 /* cse438FinalProject */,
				63EC9B0625636B1E00D85C86 /* Products */,
				CA3A8A160FB790D72FC5F0FD /* Pods */,
				D19D2EB77BEE165807A17577 /* Frameworks */,
			);
			sourceTree = "<group>";
		};
		63EC9B0625636B1E00D85C86 /* Products */ = {
			isa = PBXGroup;
			children = (
				63EC9B0525636B1E00D85C86 /* cse438FinalProject.app */,
			);
			name = Products;
			sourceTree = "<group>";
		};
		63EC9B0725636B1E00D85C86 /* cse438FinalProject */ = {
			isa = PBXGroup;
			children = (
				63EC9B0825636B1E00D85C86 /* AppDelegate.swift */,
				63A5A112257452B2002E7E96 /* Test.swift */,
				633ED1982582E7D700BB0259 /* TestResultsViewController.swift */,
				63EC9B0A25636B1E00D85C86 /* SceneDelegate.swift */,
				3AFAD2BA256F163400EAE5B3 /* GoogleService-Info.plist */,
				63EC9B0C25636B1E00D85C86 /* ViewController.swift */,
				39202026256AF15C00034F35 /* NewPatientProfile.swift */,
				6362B655256AFD7300C425E6 /* TabBarViewController.swift */,
				6362B657256AFEE200C425E6 /* PatientInfoViewController.swift */,
				63992F3F25688A7E00A2D893 /* HistoryViewController.swift */,
				6362B659256B03CD00C425E6 /* NewTestViewController.swift */,
				63A5A11425746299002E7E96 /* DetailTestViewController.swift */,
				63EC9B0E25636B1E00D85C86 /* Main.storyboard */,
				3A9C028B25684FC70018F6B8 /* QuestionCell.swift */,
				63992F3D256888CE00A2D893 /* PatientHistoryCell.swift */,
				63EC9B1125636B2100D85C86 /* Assets.xcassets */,
				63EC9B1325636B2100D85C86 /* LaunchScreen.storyboard */,
				63EC9B1625636B2100D85C86 /* Info.plist */,
			);
			path = cse438FinalProject;
			sourceTree = "<group>";
		};
		CA3A8A160FB790D72FC5F0FD /* Pods */ = {
			isa = PBXGroup;
			children = (
				8B729A9E121A31055B342E34 /* Pods-cse438FinalProject.debug.xcconfig */,
				5F25F45D771086F37846C959 /* Pods-cse438FinalProject.release.xcconfig */,
			);
			path = Pods;
			sourceTree = "<group>";
		};
		D19D2EB77BEE165807A17577 /* Frameworks */ = {
			isa = PBXGroup;
			children = (
				0F2FB6E162C1118CA246AB67 /* Pods_cse438FinalProject.framework */,
			);
			name = Frameworks;
			sourceTree = "<group>";
		};
/* End PBXGroup section */

/* Begin PBXNativeTarget section */
		63EC9B0425636B1E00D85C86 /* cse438FinalProject */ = {
			isa = PBXNativeTarget;
			buildConfigurationList = 63EC9B1925636B2100D85C86 /* Build configuration list for PBXNativeTarget "cse438FinalProject" */;
			buildPhases = (
				3017BF737AA7DF7721299C85 /* [CP] Check Pods Manifest.lock */,
				63EC9B0125636B1E00D85C86 /* Sources */,
				63EC9B0225636B1E00D85C86 /* Frameworks */,
				63EC9B0325636B1E00D85C86 /* Resources */,
				576532F5FF9C4A027A5D03CA /* [CP] Embed Pods Frameworks */,
			);
			buildRules = (
			);
			dependencies = (
			);
			name = cse438FinalProject;
			productName = cse438FinalProject;
			productReference = 63EC9B0525636B1E00D85C86 /* cse438FinalProject.app */;
			productType = "com.apple.product-type.application";
		};
/* End PBXNativeTarget section */

/* Begin PBXProject section */
		63EC9AFD25636B1E00D85C86 /* Project object */ = {
			isa = PBXProject;
			attributes = {
				LastSwiftUpdateCheck = 1150;
				LastUpgradeCheck = 1150;
				ORGANIZATIONNAME = "Marissa Friedman";
				TargetAttributes = {
					63EC9B0425636B1E00D85C86 = {
						CreatedOnToolsVersion = 11.5;
					};
				};
			};
			buildConfigurationList = 63EC9B0025636B1E00D85C86 /* Build configuration list for PBXProject "cse438FinalProject" */;
			compatibilityVersion = "Xcode 9.3";
			developmentRegion = en;
			hasScannedForEncodings = 0;
			knownRegions = (
				en,
				Base,
			);
			mainGroup = 63EC9AFC25636B1E00D85C86;
			productRefGroup = 63EC9B0625636B1E00D85C86 /* Products */;
			projectDirPath = "";
			projectRoot = "";
			targets = (
				63EC9B0425636B1E00D85C86 /* cse438FinalProject */,
			);
		};
/* End PBXProject section */

/* Begin PBXResourcesBuildPhase section */
		63EC9B0325636B1E00D85C86 /* Resources */ = {
			isa = PBXResourcesBuildPhase;
			buildActionMask = 2147483647;
			files = (
				63EC9B1525636B2100D85C86 /* LaunchScreen.storyboard in Resources */,
				3AFAD2BB256F163400EAE5B3 /* GoogleService-Info.plist in Resources */,
				63EC9B1225636B2100D85C86 /* Assets.xcassets in Resources */,
				63EC9B1025636B1E00D85C86 /* Main.storyboard in Resources */,
			);
			runOnlyForDeploymentPostprocessing = 0;
		};
/* End PBXResourcesBuildPhase section */

/* Begin PBXShellScriptBuildPhase section */
		3017BF737AA7DF7721299C85 /* [CP] Check Pods Manifest.lock */ = {
			isa = PBXShellScriptBuildPhase;
			buildActionMask = 2147483647;
			files = (
			);
			inputFileListPaths = (
			);
			inputPaths = (
				"${PODS_PODFILE_DIR_PATH}/Podfile.lock",
				"${PODS_ROOT}/Manifest.lock",
			);
			name = "[CP] Check Pods Manifest.lock";
			outputFileListPaths = (
			);
			outputPaths = (
				"$(DERIVED_FILE_DIR)/Pods-cse438FinalProject-checkManifestLockResult.txt",
			);
			runOnlyForDeploymentPostprocessing = 0;
			shellPath = /bin/sh;
			shellScript = "diff \"${PODS_PODFILE_DIR_PATH}/Podfile.lock\" \"${PODS_ROOT}/Manifest.lock\" > /dev/null\nif [ $? != 0 ] ; then\n    # print error to STDERR\n    echo \"error: The sandbox is not in sync with the Podfile.lock. Run 'pod install' or update your CocoaPods installation.\" >&2\n    exit 1\nfi\n# This output is used by Xcode 'outputs' to avoid re-running this script phase.\necho \"SUCCESS\" > \"${SCRIPT_OUTPUT_FILE_0}\"\n";
			showEnvVarsInLog = 0;
		};
		576532F5FF9C4A027A5D03CA /* [CP] Embed Pods Frameworks */ = {
			isa = PBXShellScriptBuildPhase;
			buildActionMask = 2147483647;
			files = (
			);
			inputFileListPaths = (
				"${PODS_ROOT}/Target Support Files/Pods-cse438FinalProject/Pods-cse438FinalProject-frameworks-${CONFIGURATION}-input-files.xcfilelist",
			);
			name = "[CP] Embed Pods Frameworks";
			outputFileListPaths = (
				"${PODS_ROOT}/Target Support Files/Pods-cse438FinalProject/Pods-cse438FinalProject-frameworks-${CONFIGURATION}-output-files.xcfilelist",
			);
			runOnlyForDeploymentPostprocessing = 0;
			shellPath = /bin/sh;
			shellScript = "\"${PODS_ROOT}/Target Support Files/Pods-cse438FinalProject/Pods-cse438FinalProject-frameworks.sh\"\n";
			showEnvVarsInLog = 0;
		};
/* End PBXShellScriptBuildPhase section */

/* Begin PBXSourcesBuildPhase section */
		63EC9B0125636B1E00D85C86 /* Sources */ = {
			isa = PBXSourcesBuildPhase;
			buildActionMask = 2147483647;
			files = (
				6362B656256AFD7300C425E6 /* TabBarViewController.swift in Sources */,
				63EC9B0D25636B1E00D85C86 /* ViewController.swift in Sources */,
				3A9C028C25684FC70018F6B8 /* QuestionCell.swift in Sources */,
				6362B65A256B03CD00C425E6 /* NewTestViewController.swift in Sources */,
				63992F3E256888CE00A2D893 /* PatientHistoryCell.swift in Sources */,
				63A5A113257452B2002E7E96 /* Test.swift in Sources */,
				63992F4025688A7E00A2D893 /* HistoryViewController.swift in Sources */,
				63A5A11525746299002E7E96 /* DetailTestViewController.swift in Sources */,
				63EC9B0925636B1E00D85C86 /* AppDelegate.swift in Sources */,
				63EC9B0B25636B1E00D85C86 /* SceneDelegate.swift in Sources */,
				6362B658256AFEE200C425E6 /* PatientInfoViewController.swift in Sources */,
				39202027256AF15D00034F35 /* NewPatientProfile.swift in Sources */,
				633ED1992582E7D700BB0259 /* TestResultsViewController.swift in Sources */,
			);
			runOnlyForDeploymentPostprocessing = 0;
		};
/* End PBXSourcesBuildPhase section */

/* Begin PBXVariantGroup section */
		63EC9B0E25636B1E00D85C86 /* Main.storyboard */ = {
			isa = PBXVariantGroup;
			children = (
				63EC9B0F25636B1E00D85C86 /* Base */,
			);
			name = Main.storyboard;
			sourceTree = "<group>";
		};
		63EC9B1325636B2100D85C86 /* LaunchScreen.storyboard */ = {
			isa = PBXVariantGroup;
			children = (
				63EC9B1425636B2100D85C86 /* Base */,
			);
			name = LaunchScreen.storyboard;
			sourceTree = "<group>";
		};
/* End PBXVariantGroup section */

/* Begin XCBuildConfiguration section */
		63EC9B1725636B2100D85C86 /* Debug */ = {
			isa = XCBuildConfiguration;
			buildSettings = {
				ALWAYS_SEARCH_USER_PATHS = NO;
				CLANG_ANALYZER_NONNULL = YES;
				CLANG_ANALYZER_NUMBER_OBJECT_CONVERSION = YES_AGGRESSIVE;
				CLANG_CXX_LANGUAGE_STANDARD = "gnu++14";
				CLANG_CXX_LIBRARY = "libc++";
				CLANG_ENABLE_MODULES = YES;
				CLANG_ENABLE_OBJC_ARC = YES;
				CLANG_ENABLE_OBJC_WEAK = YES;
				CLANG_WARN_BLOCK_CAPTURE_AUTORELEASING = YES;
				CLANG_WARN_BOOL_CONVERSION = YES;
				CLANG_WARN_COMMA = YES;
				CLANG_WARN_CONSTANT_CONVERSION = YES;
				CLANG_WARN_DEPRECATED_OBJC_IMPLEMENTATIONS = YES;
				CLANG_WARN_DIRECT_OBJC_ISA_USAGE = YES_ERROR;
				CLANG_WARN_DOCUMENTATION_COMMENTS = YES;
				CLANG_WARN_EMPTY_BODY = YES;
				CLANG_WARN_ENUM_CONVERSION = YES;
				CLANG_WARN_INFINITE_RECURSION = YES;
				CLANG_WARN_INT_CONVERSION = YES;
				CLANG_WARN_NON_LITERAL_NULL_CONVERSION = YES;
				CLANG_WARN_OBJC_IMPLICIT_RETAIN_SELF = YES;
				CLANG_WARN_OBJC_LITERAL_CONVERSION = YES;
				CLANG_WARN_OBJC_ROOT_CLASS = YES_ERROR;
				CLANG_WARN_RANGE_LOOP_ANALYSIS = YES;
				CLANG_WARN_STRICT_PROTOTYPES = YES;
				CLANG_WARN_SUSPICIOUS_MOVE = YES;
				CLANG_WARN_UNGUARDED_AVAILABILITY = YES_AGGRESSIVE;
				CLANG_WARN_UNREACHABLE_CODE = YES;
				CLANG_WARN__DUPLICATE_METHOD_MATCH = YES;
				COPY_PHASE_STRIP = NO;
				DEBUG_INFORMATION_FORMAT = dwarf;
				ENABLE_STRICT_OBJC_MSGSEND = YES;
				ENABLE_TESTABILITY = YES;
				GCC_C_LANGUAGE_STANDARD = gnu11;
				GCC_DYNAMIC_NO_PIC = NO;
				GCC_NO_COMMON_BLOCKS = YES;
				GCC_OPTIMIZATION_LEVEL = 0;
				GCC_PREPROCESSOR_DEFINITIONS = (
					"DEBUG=1",
					"$(inherited)",
				);
				GCC_WARN_64_TO_32_BIT_CONVERSION = YES;
				GCC_WARN_ABOUT_RETURN_TYPE = YES_ERROR;
				GCC_WARN_UNDECLARED_SELECTOR = YES;
				GCC_WARN_UNINITIALIZED_AUTOS = YES_AGGRESSIVE;
				GCC_WARN_UNUSED_FUNCTION = YES;
				GCC_WARN_UNUSED_VARIABLE = YES;
				IPHONEOS_DEPLOYMENT_TARGET = 13.5;
				MTL_ENABLE_DEBUG_INFO = INCLUDE_SOURCE;
				MTL_FAST_MATH = YES;
				ONLY_ACTIVE_ARCH = YES;
				SDKROOT = iphoneos;
				SWIFT_ACTIVE_COMPILATION_CONDITIONS = DEBUG;
				SWIFT_OPTIMIZATION_LEVEL = "-Onone";
			};
			name = Debug;
		};
		63EC9B1825636B2100D85C86 /* Release */ = {
			isa = XCBuildConfiguration;
			buildSettings = {
				ALWAYS_SEARCH_USER_PATHS = NO;
				CLANG_ANALYZER_NONNULL = YES;
				CLANG_ANALYZER_NUMBER_OBJECT_CONVERSION = YES_AGGRESSIVE;
				CLANG_CXX_LANGUAGE_STANDARD = "gnu++14";
				CLANG_CXX_LIBRARY = "libc++";
				CLANG_ENABLE_MODULES = YES;
				CLANG_ENABLE_OBJC_ARC = YES;
				CLANG_ENABLE_OBJC_WEAK = YES;
				CLANG_WARN_BLOCK_CAPTURE_AUTORELEASING = YES;
				CLANG_WARN_BOOL_CONVERSION = YES;
				CLANG_WARN_COMMA = YES;
				CLANG_WARN_CONSTANT_CONVERSION = YES;
				CLANG_WARN_DEPRECATED_OBJC_IMPLEMENTATIONS = YES;
				CLANG_WARN_DIRECT_OBJC_ISA_USAGE = YES_ERROR;
				CLANG_WARN_DOCUMENTATION_COMMENTS = YES;
				CLANG_WARN_EMPTY_BODY = YES;
				CLANG_WARN_ENUM_CONVERSION = YES;
				CLANG_WARN_INFINITE_RECURSION = YES;
				CLANG_WARN_INT_CONVERSION = YES;
				CLANG_WARN_NON_LITERAL_NULL_CONVERSION = YES;
				CLANG_WARN_OBJC_IMPLICIT_RETAIN_SELF = YES;
				CLANG_WARN_OBJC_LITERAL_CONVERSION = YES;
				CLANG_WARN_OBJC_ROOT_CLASS = YES_ERROR;
				CLANG_WARN_RANGE_LOOP_ANALYSIS = YES;
				CLANG_WARN_STRICT_PROTOTYPES = YES;
				CLANG_WARN_SUSPICIOUS_MOVE = YES;
				CLANG_WARN_UNGUARDED_AVAILABILITY = YES_AGGRESSIVE;
				CLANG_WARN_UNREACHABLE_CODE = YES;
				CLANG_WARN__DUPLICATE_METHOD_MATCH = YES;
				COPY_PHASE_STRIP = NO;
				DEBUG_INFORMATION_FORMAT = "dwarf-with-dsym";
				ENABLE_NS_ASSERTIONS = NO;
				ENABLE_STRICT_OBJC_MSGSEND = YES;
				GCC_C_LANGUAGE_STANDARD = gnu11;
				GCC_NO_COMMON_BLOCKS = YES;
				GCC_WARN_64_TO_32_BIT_CONVERSION = YES;
				GCC_WARN_ABOUT_RETURN_TYPE = YES_ERROR;
				GCC_WARN_UNDECLARED_SELECTOR = YES;
				GCC_WARN_UNINITIALIZED_AUTOS = YES_AGGRESSIVE;
				GCC_WARN_UNUSED_FUNCTION = YES;
				GCC_WARN_UNUSED_VARIABLE = YES;
				IPHONEOS_DEPLOYMENT_TARGET = 13.5;
				MTL_ENABLE_DEBUG_INFO = NO;
				MTL_FAST_MATH = YES;
				SDKROOT = iphoneos;
				SWIFT_COMPILATION_MODE = wholemodule;
				SWIFT_OPTIMIZATION_LEVEL = "-O";
				VALIDATE_PRODUCT = YES;
			};
			name = Release;
		};
		63EC9B1A25636B2100D85C86 /* Debug */ = {
			isa = XCBuildConfiguration;
			baseConfigurationReference = 8B729A9E121A31055B342E34 /* Pods-cse438FinalProject.debug.xcconfig */;
			buildSettings = {
				ASSETCATALOG_COMPILER_APPICON_NAME = AppIcon;
				CODE_SIGN_STYLE = Automatic;
				DEVELOPMENT_TEAM = T83Q334FZD;
				INFOPLIST_FILE = cse438FinalProject/Info.plist;
				LD_RUNPATH_SEARCH_PATHS = (
					"$(inherited)",
					"@executable_path/Frameworks",
				);
				PRODUCT_BUNDLE_IDENTIFIER = com.Marissa.cse438FinalProject;
				PRODUCT_NAME = "$(TARGET_NAME)";
				SWIFT_VERSION = 5.0;
				TARGETED_DEVICE_FAMILY = "1,2";
			};
			name = Debug;
		};
		63EC9B1B25636B2100D85C86 /* Release */ = {
			isa = XCBuildConfiguration;
			baseConfigurationReference = 5F25F45D771086F37846C959 /* Pods-cse438FinalProject.release.xcconfig */;
			buildSettings = {
				ASSETCATALOG_COMPILER_APPICON_NAME = AppIcon;
				CODE_SIGN_STYLE = Automatic;
				DEVELOPMENT_TEAM = T83Q334FZD;
				INFOPLIST_FILE = cse438FinalProject/Info.plist;
				LD_RUNPATH_SEARCH_PATHS = (
					"$(inherited)",
					"@executable_path/Frameworks",
				);
				PRODUCT_BUNDLE_IDENTIFIER = com.Marissa.cse438FinalProject;
				PRODUCT_NAME = "$(TARGET_NAME)";
				SWIFT_VERSION = 5.0;
				TARGETED_DEVICE_FAMILY = "1,2";
			};
			name = Release;
		};
/* End XCBuildConfiguration section */

/* Begin XCConfigurationList section */
		63EC9B0025636B1E00D85C86 /* Build configuration list for PBXProject "cse438FinalProject" */ = {
			isa = XCConfigurationList;
			buildConfigurations = (
				63EC9B1725636B2100D85C86 /* Debug */,
				63EC9B1825636B2100D85C86 /* Release */,
			);
			defaultConfigurationIsVisible = 0;
			defaultConfigurationName = Release;
		};
		63EC9B1925636B2100D85C86 /* Build configuration list for PBXNativeTarget "cse438FinalProject" */ = {
			isa = XCConfigurationList;
			buildConfigurations = (
				63EC9B1A25636B2100D85C86 /* Debug */,
				63EC9B1B25636B2100D85C86 /* Release */,
			);
			defaultConfigurationIsVisible = 0;
			defaultConfigurationName = Release;
		};
/* End XCConfigurationList section */
	};
	rootObject = 63EC9AFD25636B1E00D85C86 /* Project object */;
}
